// !$*UTF8*$!
{
	archiveVersion = 1;
	classes = {
	};
	objectVersion = 46;
	objects = {

/* Begin PBXBuildFile section */
		FB3897FA19B76CF800840520 /* InfoView.xib in Resources */ = {isa = PBXBuildFile; fileRef = FB3897F919B76CF800840520 /* InfoView.xib */; };
		FB3C808819B30A9B00BFF820 /* Extensions.swift in Sources */ = {isa = PBXBuildFile; fileRef = FB3C808719B30A9B00BFF820 /* Extensions.swift */; };
		FB59599119BC4D020086001E /* SwiftCoreDataHelper.swift in Sources */ = {isa = PBXBuildFile; fileRef = FB59599019BC4D020086001E /* SwiftCoreDataHelper.swift */; };
		FB59599619BC557D0086001E /* RecordTableViewController.swift in Sources */ = {isa = PBXBuildFile; fileRef = FB59599419BC557D0086001E /* RecordTableViewController.swift */; };
		FB59599719BC557D0086001E /* RecordTableViewController.xib in Resources */ = {isa = PBXBuildFile; fileRef = FB59599519BC557D0086001E /* RecordTableViewController.xib */; };
		FB59599919BC6C7C0086001E /* Location.swift in Sources */ = {isa = PBXBuildFile; fileRef = FB59599819BC6C7C0086001E /* Location.swift */; };
		FB59599B19BC6C7D0086001E /* Record.swift in Sources */ = {isa = PBXBuildFile; fileRef = FB59599A19BC6C7D0086001E /* Record.swift */; };
		FB62882419A883E500B1C5B0 /* AppDelegate.swift in Sources */ = {isa = PBXBuildFile; fileRef = FB62882319A883E500B1C5B0 /* AppDelegate.swift */; };
		FB62882719A883E500B1C5B0 /* TracePath.xcdatamodeld in Sources */ = {isa = PBXBuildFile; fileRef = FB62882519A883E500B1C5B0 /* TracePath.xcdatamodeld */; };
		FB62882919A883E500B1C5B0 /* ViewController.swift in Sources */ = {isa = PBXBuildFile; fileRef = FB62882819A883E500B1C5B0 /* ViewController.swift */; };
		FB62882E19A883E500B1C5B0 /* Images.xcassets in Resources */ = {isa = PBXBuildFile; fileRef = FB62882D19A883E500B1C5B0 /* Images.xcassets */; };
		FB62883A19A883E500B1C5B0 /* TracePathTests.swift in Sources */ = {isa = PBXBuildFile; fileRef = FB62883919A883E500B1C5B0 /* TracePathTests.swift */; };
		FB7B747019AE20830064892C /* TPMKAnnotation.swift in Sources */ = {isa = PBXBuildFile; fileRef = FB7B746F19AE20830064892C /* TPMKAnnotation.swift */; };
		FBBC363C19A9099E002128F5 /* location.gpx in Resources */ = {isa = PBXBuildFile; fileRef = FBBC363B19A9099E002128F5 /* location.gpx */; };
		FBBC364019AA0D5C002128F5 /* GPX.framework in Frameworks */ = {isa = PBXBuildFile; fileRef = FBBC363F19AA0D5C002128F5 /* GPX.framework */; };
		FBF9AEA719A8966500411189 /* ObjcSwiftBridge.m in Sources */ = {isa = PBXBuildFile; fileRef = FBF9AEA619A8966500411189 /* ObjcSwiftBridge.m */; };
/* End PBXBuildFile section */

/* Begin PBXContainerItemProxy section */
		FB62883419A883E500B1C5B0 /* PBXContainerItemProxy */ = {
			isa = PBXContainerItemProxy;
			containerPortal = FB62881619A883E500B1C5B0 /* Project object */;
			proxyType = 1;
			remoteGlobalIDString = FB62881D19A883E500B1C5B0;
			remoteInfo = TracePath;
		};
/* End PBXContainerItemProxy section */

/* Begin PBXFileReference section */
		FB3897F919B76CF800840520 /* InfoView.xib */ = {isa = PBXFileReference; fileEncoding = 4; lastKnownFileType = file.xib; path = InfoView.xib; sourceTree = "<group>"; };
		FB3C808719B30A9B00BFF820 /* Extensions.swift */ = {isa = PBXFileReference; fileEncoding = 4; lastKnownFileType = sourcecode.swift; path = Extensions.swift; sourceTree = "<group>"; };
		FB59599019BC4D020086001E /* SwiftCoreDataHelper.swift */ = {isa = PBXFileReference; fileEncoding = 4; lastKnownFileType = sourcecode.swift; path = SwiftCoreDataHelper.swift; sourceTree = "<group>"; };
		FB59599419BC557D0086001E /* RecordTableViewController.swift */ = {isa = PBXFileReference; fileEncoding = 4; lastKnownFileType = sourcecode.swift; path = RecordTableViewController.swift; sourceTree = "<group>"; };
		FB59599519BC557D0086001E /* RecordTableViewController.xib */ = {isa = PBXFileReference; fileEncoding = 4; lastKnownFileType = file.xib; path = RecordTableViewController.xib; sourceTree = "<group>"; };
		FB59599819BC6C7C0086001E /* Location.swift */ = {isa = PBXFileReference; fileEncoding = 4; lastKnownFileType = sourcecode.swift; path = Location.swift; sourceTree = "<group>"; };
		FB59599A19BC6C7D0086001E /* Record.swift */ = {isa = PBXFileReference; fileEncoding = 4; lastKnownFileType = sourcecode.swift; path = Record.swift; sourceTree = "<group>"; };
		FB62881E19A883E500B1C5B0 /* TracePath.app */ = {isa = PBXFileReference; explicitFileType = wrapper.application; includeInIndex = 0; path = TracePath.app; sourceTree = BUILT_PRODUCTS_DIR; };
		FB62882219A883E500B1C5B0 /* Info.plist */ = {isa = PBXFileReference; lastKnownFileType = text.plist.xml; path = Info.plist; sourceTree = "<group>"; };
		FB62882319A883E500B1C5B0 /* AppDelegate.swift */ = {isa = PBXFileReference; lastKnownFileType = sourcecode.swift; path = AppDelegate.swift; sourceTree = "<group>"; };
		FB62882619A883E500B1C5B0 /* TracePath.xcdatamodel */ = {isa = PBXFileReference; lastKnownFileType = wrapper.xcdatamodel; path = TracePath.xcdatamodel; sourceTree = "<group>"; };
		FB62882819A883E500B1C5B0 /* ViewController.swift */ = {isa = PBXFileReference; lastKnownFileType = sourcecode.swift; path = ViewController.swift; sourceTree = "<group>"; };
		FB62882D19A883E500B1C5B0 /* Images.xcassets */ = {isa = PBXFileReference; lastKnownFileType = folder.assetcatalog; path = Images.xcassets; sourceTree = "<group>"; };
		FB62883319A883E500B1C5B0 /* TracePathTests.xctest */ = {isa = PBXFileReference; explicitFileType = wrapper.cfbundle; includeInIndex = 0; path = TracePathTests.xctest; sourceTree = BUILT_PRODUCTS_DIR; };
		FB62883819A883E500B1C5B0 /* Info.plist */ = {isa = PBXFileReference; lastKnownFileType = text.plist.xml; path = Info.plist; sourceTree = "<group>"; };
		FB62883919A883E500B1C5B0 /* TracePathTests.swift */ = {isa = PBXFileReference; lastKnownFileType = sourcecode.swift; path = TracePathTests.swift; sourceTree = "<group>"; };
		FB7B746F19AE20830064892C /* TPMKAnnotation.swift */ = {isa = PBXFileReference; fileEncoding = 4; lastKnownFileType = sourcecode.swift; path = TPMKAnnotation.swift; sourceTree = "<group>"; };
		FBBC363B19A9099E002128F5 /* location.gpx */ = {isa = PBXFileReference; fileEncoding = 4; lastKnownFileType = text.xml; path = location.gpx; sourceTree = "<group>"; };
		FBBC363F19AA0D5C002128F5 /* GPX.framework */ = {isa = PBXFileReference; lastKnownFileType = wrapper.framework; name = GPX.framework; path = Frameworks/GPX.framework; sourceTree = "<group>"; };
		FBF9AE6E19A88C5F00411189 /* GoogleMaps.framework */ = {isa = PBXFileReference; lastKnownFileType = wrapper.framework; name = GoogleMaps.framework; path = Frameworks/GoogleMaps.framework; sourceTree = "<group>"; };
		FBF9AE8A19A8936600411189 /* AVFoundation.framework */ = {isa = PBXFileReference; lastKnownFileType = wrapper.framework; name = AVFoundation.framework; path = System/Library/Frameworks/AVFoundation.framework; sourceTree = SDKROOT; };
		FBF9AE8C19A8937600411189 /* CoreData.framework */ = {isa = PBXFileReference; lastKnownFileType = wrapper.framework; name = CoreData.framework; path = System/Library/Frameworks/CoreData.framework; sourceTree = SDKROOT; };
		FBF9AE8E19A8937D00411189 /* CoreLocation.framework */ = {isa = PBXFileReference; lastKnownFileType = wrapper.framework; name = CoreLocation.framework; path = System/Library/Frameworks/CoreLocation.framework; sourceTree = SDKROOT; };
		FBF9AE9019A8938300411189 /* CoreText.framework */ = {isa = PBXFileReference; lastKnownFileType = wrapper.framework; name = CoreText.framework; path = System/Library/Frameworks/CoreText.framework; sourceTree = SDKROOT; };
		FBF9AE9219A8938A00411189 /* GLKit.framework */ = {isa = PBXFileReference; lastKnownFileType = wrapper.framework; name = GLKit.framework; path = System/Library/Frameworks/GLKit.framework; sourceTree = SDKROOT; };
		FBF9AE9419A8939300411189 /* ImageIO.framework */ = {isa = PBXFileReference; lastKnownFileType = wrapper.framework; name = ImageIO.framework; path = System/Library/Frameworks/ImageIO.framework; sourceTree = SDKROOT; };
		FBF9AE9619A8939A00411189 /* libc++.dylib */ = {isa = PBXFileReference; lastKnownFileType = "compiled.mach-o.dylib"; name = "libc++.dylib"; path = "usr/lib/libc++.dylib"; sourceTree = SDKROOT; };
		FBF9AE9819A893A400411189 /* libicucore.dylib */ = {isa = PBXFileReference; lastKnownFileType = "compiled.mach-o.dylib"; name = libicucore.dylib; path = usr/lib/libicucore.dylib; sourceTree = SDKROOT; };
		FBF9AE9A19A893AB00411189 /* libz.dylib */ = {isa = PBXFileReference; lastKnownFileType = "compiled.mach-o.dylib"; name = libz.dylib; path = usr/lib/libz.dylib; sourceTree = SDKROOT; };
		FBF9AE9C19A893B000411189 /* OpenGLES.framework */ = {isa = PBXFileReference; lastKnownFileType = wrapper.framework; name = OpenGLES.framework; path = System/Library/Frameworks/OpenGLES.framework; sourceTree = SDKROOT; };
		FBF9AE9E19A893B800411189 /* QuartzCore.framework */ = {isa = PBXFileReference; lastKnownFileType = wrapper.framework; name = QuartzCore.framework; path = System/Library/Frameworks/QuartzCore.framework; sourceTree = SDKROOT; };
		FBF9AEA019A893BD00411189 /* SystemConfiguration.framework */ = {isa = PBXFileReference; lastKnownFileType = wrapper.framework; name = SystemConfiguration.framework; path = System/Library/Frameworks/SystemConfiguration.framework; sourceTree = SDKROOT; };
		FBF9AEA519A8966500411189 /* TracePath-Bridging-Header.h */ = {isa = PBXFileReference; lastKnownFileType = sourcecode.c.h; path = "TracePath-Bridging-Header.h"; sourceTree = "<group>"; };
		FBF9AEA619A8966500411189 /* ObjcSwiftBridge.m */ = {isa = PBXFileReference; fileEncoding = 4; lastKnownFileType = sourcecode.c.objc; path = ObjcSwiftBridge.m; sourceTree = "<group>"; };
		FBF9AEA819A8BE7600411189 /* MapKit.framework */ = {isa = PBXFileReference; lastKnownFileType = wrapper.framework; name = MapKit.framework; path = System/Library/Frameworks/MapKit.framework; sourceTree = SDKROOT; };
/* End PBXFileReference section */

/* Begin PBXFrameworksBuildPhase section */
		FB62881B19A883E500B1C5B0 /* Frameworks */ = {
			isa = PBXFrameworksBuildPhase;
			buildActionMask = 2147483647;
			files = (
				FBBC364019AA0D5C002128F5 /* GPX.framework in Frameworks */,
			);
			runOnlyForDeploymentPostprocessing = 0;
		};
		FB62883019A883E500B1C5B0 /* Frameworks */ = {
			isa = PBXFrameworksBuildPhase;
			buildActionMask = 2147483647;
			files = (
			);
			runOnlyForDeploymentPostprocessing = 0;
		};
/* End PBXFrameworksBuildPhase section */

/* Begin PBXGroup section */
		FB59599C19BC6C8D0086001E /* DataModel */ = {
			isa = PBXGroup;
			children = (
				FB62882519A883E500B1C5B0 /* TracePath.xcdatamodeld */,
				FB59599A19BC6C7D0086001E /* Record.swift */,
				FB59599819BC6C7C0086001E /* Location.swift */,
			);
			name = DataModel;
			sourceTree = "<group>";
		};
		FB62881519A883E500B1C5B0 = {
			isa = PBXGroup;
			children = (
				FB62882019A883E500B1C5B0 /* TracePath */,
				FBBC363A19A9099E002128F5 /* Resources */,
				FBF9AE6A19A88B3E00411189 /* Frameworks */,
				FB62883619A883E500B1C5B0 /* TracePathTests */,
				FB62881F19A883E500B1C5B0 /* Products */,
			);
			sourceTree = "<group>";
		};
		FB62881F19A883E500B1C5B0 /* Products */ = {
			isa = PBXGroup;
			children = (
				FB62881E19A883E500B1C5B0 /* TracePath.app */,
				FB62883319A883E500B1C5B0 /* TracePathTests.xctest */,
			);
			name = Products;
			sourceTree = "<group>";
		};
		FB62882019A883E500B1C5B0 /* TracePath */ = {
			isa = PBXGroup;
			children = (
				FB62882319A883E500B1C5B0 /* AppDelegate.swift */,
				FB62882819A883E500B1C5B0 /* ViewController.swift */,
				FB7B746F19AE20830064892C /* TPMKAnnotation.swift */,
				FBF9AEA619A8966500411189 /* ObjcSwiftBridge.m */,
				FB3C808719B30A9B00BFF820 /* Extensions.swift */,
				FB3897F919B76CF800840520 /* InfoView.xib */,
				FB59599419BC557D0086001E /* RecordTableViewController.swift */,
				FB59599519BC557D0086001E /* RecordTableViewController.xib */,
				FB59599019BC4D020086001E /* SwiftCoreDataHelper.swift */,
				FBF9AEA519A8966500411189 /* TracePath-Bridging-Header.h */,
				FB62882D19A883E500B1C5B0 /* Images.xcassets */,
				FB59599C19BC6C8D0086001E /* DataModel */,
				FB62882119A883E500B1C5B0 /* Supporting Files */,
			);
			path = TracePath;
			sourceTree = "<group>";
		};
		FB62882119A883E500B1C5B0 /* Supporting Files */ = {
			isa = PBXGroup;
			children = (
				FB62882219A883E500B1C5B0 /* Info.plist */,
			);
			name = "Supporting Files";
			sourceTree = "<group>";
		};
		FB62883619A883E500B1C5B0 /* TracePathTests */ = {
			isa = PBXGroup;
			children = (
				FB62883919A883E500B1C5B0 /* TracePathTests.swift */,
				FB62883719A883E500B1C5B0 /* Supporting Files */,
			);
			path = TracePathTests;
			sourceTree = "<group>";
		};
		FB62883719A883E500B1C5B0 /* Supporting Files */ = {
			isa = PBXGroup;
			children = (
				FB62883819A883E500B1C5B0 /* Info.plist */,
			);
			name = "Supporting Files";
			sourceTree = "<group>";
		};
		FBBC363A19A9099E002128F5 /* Resources */ = {
			isa = PBXGroup;
			children = (
				FBBC363B19A9099E002128F5 /* location.gpx */,
			);
			path = Resources;
			sourceTree = "<group>";
		};
		FBF9AE6A19A88B3E00411189 /* Frameworks */ = {
			isa = PBXGroup;
			children = (
				FBBC363F19AA0D5C002128F5 /* GPX.framework */,
				FBF9AEA819A8BE7600411189 /* MapKit.framework */,
				FBF9AEA019A893BD00411189 /* SystemConfiguration.framework */,
				FBF9AE9E19A893B800411189 /* QuartzCore.framework */,
				FBF9AE9C19A893B000411189 /* OpenGLES.framework */,
				FBF9AE9A19A893AB00411189 /* libz.dylib */,
				FBF9AE9819A893A400411189 /* libicucore.dylib */,
				FBF9AE9619A8939A00411189 /* libc++.dylib */,
				FBF9AE9419A8939300411189 /* ImageIO.framework */,
				FBF9AE9219A8938A00411189 /* GLKit.framework */,
				FBF9AE9019A8938300411189 /* CoreText.framework */,
				FBF9AE8E19A8937D00411189 /* CoreLocation.framework */,
				FBF9AE8C19A8937600411189 /* CoreData.framework */,
				FBF9AE8A19A8936600411189 /* AVFoundation.framework */,
				FBF9AE6E19A88C5F00411189 /* GoogleMaps.framework */,
			);
			name = Frameworks;
			sourceTree = "<group>";
		};
/* End PBXGroup section */

/* Begin PBXNativeTarget section */
		FB62881D19A883E500B1C5B0 /* TracePath */ = {
			isa = PBXNativeTarget;
			buildConfigurationList = FB62883D19A883E500B1C5B0 /* Build configuration list for PBXNativeTarget "TracePath" */;
			buildPhases = (
				FB62881A19A883E500B1C5B0 /* Sources */,
				FB62881B19A883E500B1C5B0 /* Frameworks */,
				FB62881C19A883E500B1C5B0 /* Resources */,
			);
			buildRules = (
			);
			dependencies = (
			);
			name = TracePath;
			productName = TracePath;
			productReference = FB62881E19A883E500B1C5B0 /* TracePath.app */;
			productType = "com.apple.product-type.application";
		};
		FB62883219A883E500B1C5B0 /* TracePathTests */ = {
			isa = PBXNativeTarget;
			buildConfigurationList = FB62884019A883E500B1C5B0 /* Build configuration list for PBXNativeTarget "TracePathTests" */;
			buildPhases = (
				FB62882F19A883E500B1C5B0 /* Sources */,
				FB62883019A883E500B1C5B0 /* Frameworks */,
				FB62883119A883E500B1C5B0 /* Resources */,
			);
			buildRules = (
			);
			dependencies = (
				FB62883519A883E500B1C5B0 /* PBXTargetDependency */,
			);
			name = TracePathTests;
			productName = TracePathTests;
			productReference = FB62883319A883E500B1C5B0 /* TracePathTests.xctest */;
			productType = "com.apple.product-type.bundle.unit-test";
		};
/* End PBXNativeTarget section */

/* Begin PBXProject section */
		FB62881619A883E500B1C5B0 /* Project object */ = {
			isa = PBXProject;
			attributes = {
				LastUpgradeCheck = 0600;
				TargetAttributes = {
					FB62881D19A883E500B1C5B0 = {
						CreatedOnToolsVersion = 6.0;
						DevelopmentTeam = GRLLL5DY2S;
					};
					FB62883219A883E500B1C5B0 = {
						CreatedOnToolsVersion = 6.0;
						DevelopmentTeam = GRLLL5DY2S;
						TestTargetID = FB62881D19A883E500B1C5B0;
					};
				};
			};
			buildConfigurationList = FB62881919A883E500B1C5B0 /* Build configuration list for PBXProject "TracePath" */;
			compatibilityVersion = "Xcode 3.2";
			developmentRegion = English;
			hasScannedForEncodings = 0;
			knownRegions = (
				en,
				Base,
			);
			mainGroup = FB62881519A883E500B1C5B0;
			productRefGroup = FB62881F19A883E500B1C5B0 /* Products */;
			projectDirPath = "";
			projectRoot = "";
			targets = (
				FB62881D19A883E500B1C5B0 /* TracePath */,
				FB62883219A883E500B1C5B0 /* TracePathTests */,
			);
		};
/* End PBXProject section */

/* Begin PBXResourcesBuildPhase section */
		FB62881C19A883E500B1C5B0 /* Resources */ = {
			isa = PBXResourcesBuildPhase;
			buildActionMask = 2147483647;
			files = (
				FB3897FA19B76CF800840520 /* InfoView.xib in Resources */,
				FB59599719BC557D0086001E /* RecordTableViewController.xib in Resources */,
				FBBC363C19A9099E002128F5 /* location.gpx in Resources */,
				FB62882E19A883E500B1C5B0 /* Images.xcassets in Resources */,
			);
			runOnlyForDeploymentPostprocessing = 0;
		};
		FB62883119A883E500B1C5B0 /* Resources */ = {
			isa = PBXResourcesBuildPhase;
			buildActionMask = 2147483647;
			files = (
			);
			runOnlyForDeploymentPostprocessing = 0;
		};
/* End PBXResourcesBuildPhase section */

/* Begin PBXSourcesBuildPhase section */
		FB62881A19A883E500B1C5B0 /* Sources */ = {
			isa = PBXSourcesBuildPhase;
			buildActionMask = 2147483647;
			files = (
				FB59599619BC557D0086001E /* RecordTableViewController.swift in Sources */,
				FB7B747019AE20830064892C /* TPMKAnnotation.swift in Sources */,
				FB59599B19BC6C7D0086001E /* Record.swift in Sources */,
				FBF9AEA719A8966500411189 /* ObjcSwiftBridge.m in Sources */,
				FB59599119BC4D020086001E /* SwiftCoreDataHelper.swift in Sources */,
				FB59599919BC6C7C0086001E /* Location.swift in Sources */,
				FB62882919A883E500B1C5B0 /* ViewController.swift in Sources */,
				FB62882719A883E500B1C5B0 /* TracePath.xcdatamodeld in Sources */,
				FB62882419A883E500B1C5B0 /* AppDelegate.swift in Sources */,
				FB3C808819B30A9B00BFF820 /* Extensions.swift in Sources */,
			);
			runOnlyForDeploymentPostprocessing = 0;
		};
		FB62882F19A883E500B1C5B0 /* Sources */ = {
			isa = PBXSourcesBuildPhase;
			buildActionMask = 2147483647;
			files = (
				FB62883A19A883E500B1C5B0 /* TracePathTests.swift in Sources */,
			);
			runOnlyForDeploymentPostprocessing = 0;
		};
/* End PBXSourcesBuildPhase section */

/* Begin PBXTargetDependency section */
		FB62883519A883E500B1C5B0 /* PBXTargetDependency */ = {
			isa = PBXTargetDependency;
			target = FB62881D19A883E500B1C5B0 /* TracePath */;
			targetProxy = FB62883419A883E500B1C5B0 /* PBXContainerItemProxy */;
		};
/* End PBXTargetDependency section */

/* Begin XCBuildConfiguration section */
		FB62883B19A883E500B1C5B0 /* Debug */ = {
			isa = XCBuildConfiguration;
			buildSettings = {
				ALWAYS_SEARCH_USER_PATHS = NO;
				CLANG_CXX_LANGUAGE_STANDARD = "gnu++0x";
				CLANG_CXX_LIBRARY = "libc++";
				CLANG_ENABLE_MODULES = YES;
				CLANG_ENABLE_OBJC_ARC = YES;
				CLANG_WARN_BOOL_CONVERSION = YES;
				CLANG_WARN_CONSTANT_CONVERSION = YES;
				CLANG_WARN_DIRECT_OBJC_ISA_USAGE = YES_ERROR;
				CLANG_WARN_EMPTY_BODY = YES;
				CLANG_WARN_ENUM_CONVERSION = YES;
				CLANG_WARN_INT_CONVERSION = YES;
				CLANG_WARN_OBJC_ROOT_CLASS = YES_ERROR;
				CLANG_WARN_UNREACHABLE_CODE = YES;
				CLANG_WARN__DUPLICATE_METHOD_MATCH = YES;
				"CODE_SIGN_IDENTITY[sdk=iphoneos*]" = "iPhone Developer";
				COPY_PHASE_STRIP = NO;
				ENABLE_STRICT_OBJC_MSGSEND = YES;
				GCC_C_LANGUAGE_STANDARD = gnu99;
				GCC_DYNAMIC_NO_PIC = NO;
				GCC_OPTIMIZATION_LEVEL = 0;
				GCC_PREPROCESSOR_DEFINITIONS = (
					"DEBUG=1",
					"$(inherited)",
				);
				GCC_SYMBOLS_PRIVATE_EXTERN = NO;
				GCC_WARN_64_TO_32_BIT_CONVERSION = YES;
				GCC_WARN_ABOUT_RETURN_TYPE = YES_ERROR;
				GCC_WARN_UNDECLARED_SELECTOR = YES;
				GCC_WARN_UNINITIALIZED_AUTOS = YES_AGGRESSIVE;
				GCC_WARN_UNUSED_FUNCTION = YES;
				GCC_WARN_UNUSED_VARIABLE = YES;
				IPHONEOS_DEPLOYMENT_TARGET = 7.1;
				MTL_ENABLE_DEBUG_INFO = YES;
				ONLY_ACTIVE_ARCH = YES;
				SDKROOT = iphoneos;
				SWIFT_OPTIMIZATION_LEVEL = "-Onone";
				TARGETED_DEVICE_FAMILY = "1,2";
			};
			name = Debug;
		};
		FB62883C19A883E500B1C5B0 /* Release */ = {
			isa = XCBuildConfiguration;
			buildSettings = {
				ALWAYS_SEARCH_USER_PATHS = NO;
				CLANG_CXX_LANGUAGE_STANDARD = "gnu++0x";
				CLANG_CXX_LIBRARY = "libc++";
				CLANG_ENABLE_MODULES = YES;
				CLANG_ENABLE_OBJC_ARC = YES;
				CLANG_WARN_BOOL_CONVERSION = YES;
				CLANG_WARN_CONSTANT_CONVERSION = YES;
				CLANG_WARN_DIRECT_OBJC_ISA_USAGE = YES_ERROR;
				CLANG_WARN_EMPTY_BODY = YES;
				CLANG_WARN_ENUM_CONVERSION = YES;
				CLANG_WARN_INT_CONVERSION = YES;
				CLANG_WARN_OBJC_ROOT_CLASS = YES_ERROR;
				CLANG_WARN_UNREACHABLE_CODE = YES;
				CLANG_WARN__DUPLICATE_METHOD_MATCH = YES;
				"CODE_SIGN_IDENTITY[sdk=iphoneos*]" = "iPhone Developer";
				COPY_PHASE_STRIP = YES;
				ENABLE_NS_ASSERTIONS = NO;
				ENABLE_STRICT_OBJC_MSGSEND = YES;
				GCC_C_LANGUAGE_STANDARD = gnu99;
				GCC_WARN_64_TO_32_BIT_CONVERSION = YES;
				GCC_WARN_ABOUT_RETURN_TYPE = YES_ERROR;
				GCC_WARN_UNDECLARED_SELECTOR = YES;
				GCC_WARN_UNINITIALIZED_AUTOS = YES_AGGRESSIVE;
				GCC_WARN_UNUSED_FUNCTION = YES;
				GCC_WARN_UNUSED_VARIABLE = YES;
				IPHONEOS_DEPLOYMENT_TARGET = 7.1;
				MTL_ENABLE_DEBUG_INFO = NO;
				SDKROOT = iphoneos;
				TARGETED_DEVICE_FAMILY = "1,2";
				VALIDATE_PRODUCT = YES;
			};
			name = Release;
		};
		FB62883E19A883E500B1C5B0 /* Debug */ = {
			isa = XCBuildConfiguration;
			buildSettings = {
				ASSETCATALOG_COMPILER_APPICON_NAME = AppIcon;
				ASSETCATALOG_COMPILER_LAUNCHIMAGE_NAME = LaunchImage;
				CLANG_ENABLE_MODULES = YES;
				CODE_SIGN_IDENTITY = "iPhone Developer";
				"CODE_SIGN_IDENTITY[sdk=iphoneos*]" = "iPhone Developer";
				FRAMEWORK_SEARCH_PATHS = (
					"$(inherited)",
					"$(PROJECT_DIR)/Frameworks",
				);
				INFOPLIST_FILE = TracePath/Info.plist;
				LD_RUNPATH_SEARCH_PATHS = "$(inherited) @executable_path/Frameworks";
				OTHER_LDFLAGS = "-ObjC";
				PRODUCT_NAME = "$(TARGET_NAME)";
				PROVISIONING_PROFILE = "";
				SWIFT_OBJC_BRIDGING_HEADER = "TracePath/TracePath-Bridging-Header.h";
				SWIFT_OPTIMIZATION_LEVEL = "-Onone";
			};
			name = Debug;
		};
		FB62883F19A883E500B1C5B0 /* Release */ = {
			isa = XCBuildConfiguration;
			buildSettings = {
				ASSETCATALOG_COMPILER_APPICON_NAME = AppIcon;
				ASSETCATALOG_COMPILER_LAUNCHIMAGE_NAME = LaunchImage;
				CLANG_ENABLE_MODULES = YES;
				CODE_SIGN_IDENTITY = "iPhone Developer";
				"CODE_SIGN_IDENTITY[sdk=iphoneos*]" = "iPhone Developer";
				FRAMEWORK_SEARCH_PATHS = (
					"$(inherited)",
					"$(PROJECT_DIR)/Frameworks",
				);
				INFOPLIST_FILE = TracePath/Info.plist;
				LD_RUNPATH_SEARCH_PATHS = "$(inherited) @executable_path/Frameworks";
				OTHER_LDFLAGS = "-ObjC";
				PRODUCT_NAME = "$(TARGET_NAME)";
				PROVISIONING_PROFILE = "";
				SWIFT_OBJC_BRIDGING_HEADER = "TracePath/TracePath-Bridging-Header.h";
			};
			name = Release;
		};
		FB62884119A883E500B1C5B0 /* Debug */ = {
			isa = XCBuildConfiguration;
			buildSettings = {
				BUNDLE_LOADER = "$(TEST_HOST)";
				CODE_SIGN_IDENTITY = "iPhone Developer";
				"CODE_SIGN_IDENTITY[sdk=iphoneos*]" = "iPhone Developer";
				FRAMEWORK_SEARCH_PATHS = (
					"$(SDKROOT)/Developer/Library/Frameworks",
					"$(inherited)",
				);
				GCC_PREPROCESSOR_DEFINITIONS = (
					"DEBUG=1",
					"$(inherited)",
				);
				INFOPLIST_FILE = TracePathTests/Info.plist;
				LD_RUNPATH_SEARCH_PATHS = "$(inherited) @executable_path/Frameworks @loader_path/Frameworks";
				PRODUCT_NAME = "$(TARGET_NAME)";
				PROVISIONING_PROFILE = "";
				TEST_HOST = "$(BUILT_PRODUCTS_DIR)/TracePath.app/TracePath";
			};
			name = Debug;
		};
		FB62884219A883E500B1C5B0 /* Release */ = {
			isa = XCBuildConfiguration;
			buildSettings = {
				BUNDLE_LOADER = "$(TEST_HOST)";
				CODE_SIGN_IDENTITY = "iPhone Developer";
				"CODE_SIGN_IDENTITY[sdk=iphoneos*]" = "iPhone Developer";
				FRAMEWORK_SEARCH_PATHS = (
					"$(SDKROOT)/Developer/Library/Frameworks",
					"$(inherited)",
				);
				INFOPLIST_FILE = TracePathTests/Info.plist;
				LD_RUNPATH_SEARCH_PATHS = "$(inherited) @executable_path/Frameworks @loader_path/Frameworks";
				PRODUCT_NAME = "$(TARGET_NAME)";
				PROVISIONING_PROFILE = "";
				TEST_HOST = "$(BUILT_PRODUCTS_DIR)/TracePath.app/TracePath";
			};
			name = Release;
		};
/* End XCBuildConfiguration section */

/* Begin XCConfigurationList section */
		FB62881919A883E500B1C5B0 /* Build configuration list for PBXProject "TracePath" */ = {
			isa = XCConfigurationList;
			buildConfigurations = (
				FB62883B19A883E500B1C5B0 /* Debug */,
				FB62883C19A883E500B1C5B0 /* Release */,
			);
			defaultConfigurationIsVisible = 0;
			defaultConfigurationName = Release;
		};
		FB62883D19A883E500B1C5B0 /* Build configuration list for PBXNativeTarget "TracePath" */ = {
			isa = XCConfigurationList;
			buildConfigurations = (
				FB62883E19A883E500B1C5B0 /* Debug */,
				FB62883F19A883E500B1C5B0 /* Release */,
			);
			defaultConfigurationIsVisible = 0;
			defaultConfigurationName = Release;
		};
		FB62884019A883E500B1C5B0 /* Build configuration list for PBXNativeTarget "TracePathTests" */ = {
			isa = XCConfigurationList;
			buildConfigurations = (
				FB62884119A883E500B1C5B0 /* Debug */,
				FB62884219A883E500B1C5B0 /* Release */,
			);
			defaultConfigurationIsVisible = 0;
			defaultConfigurationName = Release;
		};
/* End XCConfigurationList section */

/* Begin XCVersionGroup section */
		FB62882519A883E500B1C5B0 /* TracePath.xcdatamodeld */ = {
			isa = XCVersionGroup;
			children = (
				FB62882619A883E500B1C5B0 /* TracePath.xcdatamodel */,
			);
			currentVersion = FB62882619A883E500B1C5B0 /* TracePath.xcdatamodel */;
			path = TracePath.xcdatamodeld;
			sourceTree = "<group>";
			versionGroupType = wrapper.xcdatamodel;
		};
/* End XCVersionGroup section */
	};
	rootObject = FB62881619A883E500B1C5B0 /* Project object */;
}
